
Microsoft Visual Studio Solution File, Format Version 12.00
# Visual Studio Version 16
VisualStudioVersion = 16.0.31727.386
MinimumVisualStudioVersion = 10.0.40219.1
Project("{FAE04EC0-301F-11D3-BF4B-00C04F79EFBC}") = "BUS", "BUS_SMS\BUS.csproj", "{65937458-209C-41F9-969B-6F1A29F50914}"
EndProject
Project("{FAE04EC0-301F-11D3-BF4B-00C04F79EFBC}") = "DAL", "DAL_SMS\DAL.csproj", "{C343197F-6A24-4C4F-9901-280586C234A6}"
EndProject
Project("{FAE04EC0-301F-11D3-BF4B-00C04F79EFBC}") = "GUI", "GUI_SMS\GUI.csproj", "{64260B50-4C24-4729-B604-A945B086D600}"
EndProject
Global
	GlobalSection(SolutionConfigurationPlatforms) = preSolution
		Debug|Any CPU = Debug|Any CPU
		Release|Any CPU = Release|Any CPU
	EndGlobalSection
	GlobalSection(ProjectConfigurationPlatforms) = postSolution
		{65937458-209C-41F9-969B-6F1A29F50914}.Debug|Any CPU.ActiveCfg = Debug|Any CPU
		{65937458-209C-41F9-969B-6F1A29F50914}.Debug|Any CPU.Build.0 = Debug|Any CPU
		{65937458-209C-41F9-969B-6F1A29F50914}.Release|Any CPU.ActiveCfg = Release|Any CPU
		{65937458-209C-41F9-969B-6F1A29F50914}.Release|Any CPU.Build.0 = Release|Any CPU
		{C343197F-6A24-4C4F-9901-280586C234A6}.Debug|Any CPU.ActiveCfg = Debug|Any CPU
		{C343197F-6A24-4C4F-9901-280586C234A6}.Debug|Any CPU.Build.0 = Debug|Any CPU
		{C343197F-6A24-4C4F-9901-280586C234A6}.Release|Any CPU.ActiveCfg = Release|Any CPU
		{C343197F-6A24-4C4F-9901-280586C234A6}.Release|Any CPU.Build.0 = Release|Any CPU
		{64260B50-4C24-4729-B604-A945B086D600}.Debug|Any CPU.ActiveCfg = Debug|Any CPU
		{64260B50-4C24-4729-B604-A945B086D600}.Debug|Any CPU.Build.0 = Debug|Any CPU
		{64260B50-4C24-4729-B604-A945B086D600}.Release|Any CPU.ActiveCfg = Release|Any CPU
		{64260B50-4C24-4729-B604-A945B086D600}.Release|Any CPU.Build.0 = Release|Any CPU
	EndGlobalSection
	GlobalSection(SolutionProperties) = preSolution
		HideSolutionNode = FALSE
	EndGlobalSection
	GlobalSection(ExtensibilityGlobals) = postSolution
		SolutionGuid = {162FBF1D-CE6B-4724-94CD-034D38544AA1}
	EndGlobalSection
EndGlobal
